
Microsoft Visual Studio Solution File, Format Version 12.00
# Visual Studio Version 16
VisualStudioVersion = 16.0.31410.357
MinimumVisualStudioVersion = 10.0.40219.1
Project("{FAE04EC0-301F-11D3-BF4B-00C04F79EFBC}") = "JenkinsSite", "JenkinsSite\JenkinsSite.csproj", "{FF94DC96-F396-45CE-A336-7E5D30066110}"
EndProject
Global
	GlobalSection(SolutionConfigurationPlatforms) = preSolution
		Debug|Any CPU = Debug|Any CPU
		Release|Any CPU = Release|Any CPU
	EndGlobalSection
	GlobalSection(ProjectConfigurationPlatforms) = postSolution
		{FF94DC96-F396-45CE-A336-7E5D30066110}.Debug|Any CPU.ActiveCfg = Debug|Any CPU
		{FF94DC96-F396-45CE-A336-7E5D30066110}.Debug|Any CPU.Build.0 = Debug|Any CPU
		{FF94DC96-F396-45CE-A336-7E5D30066110}.Release|Any CPU.ActiveCfg = Release|Any CPU
		{FF94DC96-F396-45CE-A336-7E5D30066110}.Release|Any CPU.Build.0 = Release|Any CPU
	EndGlobalSection
	GlobalSection(SolutionProperties) = preSolution
		HideSolutionNode = FALSE
	EndGlobalSection
	GlobalSection(ExtensibilityGlobals) = postSolution
		SolutionGuid = {D1AF5D24-AE68-4988-9DB1-64B3C34541FC}
	EndGlobalSection
EndGlobal
